
Microsoft Visual Studio Solution File, Format Version 12.00
# Visual Studio Version 16
VisualStudioVersion = 16.0.32929.386
MinimumVisualStudioVersion = 10.0.40219.1
Project("{778DAE3C-4631-46EA-AA77-85C1314464D9}") = "ProjectVB", "ProjectVB.vbproj", "{4BCECC2F-ED74-4177-8E24-C99399102574}"
	ProjectSection(ProjectDependencies) = postProject
		{E4274C15-8AB1-4E50-8FA2-3ED6E09AA59C} = {E4274C15-8AB1-4E50-8FA2-3ED6E09AA59C}
	EndProjectSection
EndProject
Project("{2150E333-8FDC-42A3-9474-1A3956D46DE8}") = "Solution Items", "Solution Items", "{0D3CD2C8-4E01-4BA7-AA3A-2B914FEF5564}"
	ProjectSection(SolutionItems) = preProject
		Basedatos.vb = Basedatos.vb
		Elemento.vb = Elemento.vb
	EndProjectSection
EndProject
Project("{F184B08F-C81C-45F6-A57F-5ABD9991F28F}") = "Mywindows1", "..\..\Mywindows1\Mywindows1.vbproj", "{E4274C15-8AB1-4E50-8FA2-3ED6E09AA59C}"
EndProject
Global
	GlobalSection(SolutionConfigurationPlatforms) = preSolution
		Debug|Any CPU = Debug|Any CPU
		Release|Any CPU = Release|Any CPU
	EndGlobalSection
	GlobalSection(ProjectConfigurationPlatforms) = postSolution
		{4BCECC2F-ED74-4177-8E24-C99399102574}.Debug|Any CPU.ActiveCfg = Debug|Any CPU
		{4BCECC2F-ED74-4177-8E24-C99399102574}.Debug|Any CPU.Build.0 = Debug|Any CPU
		{4BCECC2F-ED74-4177-8E24-C99399102574}.Release|Any CPU.ActiveCfg = Release|Any CPU
		{4BCECC2F-ED74-4177-8E24-C99399102574}.Release|Any CPU.Build.0 = Release|Any CPU
		{E4274C15-8AB1-4E50-8FA2-3ED6E09AA59C}.Debug|Any CPU.ActiveCfg = Debug|Any CPU
		{E4274C15-8AB1-4E50-8FA2-3ED6E09AA59C}.Debug|Any CPU.Build.0 = Debug|Any CPU
		{E4274C15-8AB1-4E50-8FA2-3ED6E09AA59C}.Release|Any CPU.ActiveCfg = Release|Any CPU
		{E4274C15-8AB1-4E50-8FA2-3ED6E09AA59C}.Release|Any CPU.Build.0 = Release|Any CPU
	EndGlobalSection
	GlobalSection(SolutionProperties) = preSolution
		HideSolutionNode = FALSE
	EndGlobalSection
	GlobalSection(ExtensibilityGlobals) = postSolution
		SolutionGuid = {EF24FE46-BA22-4221-ABFA-A78B93071496}
	EndGlobalSection
EndGlobal
